
Microsoft Visual Studio Solution File, Format Version 12.00
# Visual Studio Version 17
VisualStudioVersion = 17.12.35527.113 d17.12
MinimumVisualStudioVersion = 10.0.40219.1
Project("{FAE04EC0-301F-11D3-BF4B-00C04F79EFBC}") = "Numerode1a100", "Numerode1a100\Numerode1a100.csproj", "{7B540B1F-D591-4CC6-AE52-B51DE27D06D4}"
EndProject
Global
	GlobalSection(SolutionConfigurationPlatforms) = preSolution
		Debug|Any CPU = Debug|Any CPU
		Release|Any CPU = Release|Any CPU
	EndGlobalSection
	GlobalSection(ProjectConfigurationPlatforms) = postSolution
		{7B540B1F-D591-4CC6-AE52-B51DE27D06D4}.Debug|Any CPU.ActiveCfg = Debug|Any CPU
		{7B540B1F-D591-4CC6-AE52-B51DE27D06D4}.Debug|Any CPU.Build.0 = Debug|Any CPU
		{7B540B1F-D591-4CC6-AE52-B51DE27D06D4}.Release|Any CPU.ActiveCfg = Release|Any CPU
		{7B540B1F-D591-4CC6-AE52-B51DE27D06D4}.Release|Any CPU.Build.0 = Release|Any CPU
	EndGlobalSection
	GlobalSection(SolutionProperties) = preSolution
		HideSolutionNode = FALSE
	EndGlobalSection
EndGlobal
